
Microsoft Visual Studio Solution File, Format Version 12.00
# Visual Studio 15
VisualStudioVersion = 15.0.26730.8
MinimumVisualStudioVersion = 10.0.40219.1
Project("{FAE04EC0-301F-11D3-BF4B-00C04F79EFBC}") = "04.01.01.Сортиране-чрез-пряка-селекция", "04.1.Сортиране-чрез-пряка-селекция\04.01.01.Сортиране-чрез-пряка-селекция.csproj", "{757465CC-6655-4F9E-9D1A-AF33727D3FF2}"
EndProject
Global
	GlobalSection(SolutionConfigurationPlatforms) = preSolution
		Debug|Any CPU = Debug|Any CPU
		Release|Any CPU = Release|Any CPU
	EndGlobalSection
	GlobalSection(ProjectConfigurationPlatforms) = postSolution
		{757465CC-6655-4F9E-9D1A-AF33727D3FF2}.Debug|Any CPU.ActiveCfg = Debug|Any CPU
		{757465CC-6655-4F9E-9D1A-AF33727D3FF2}.Debug|Any CPU.Build.0 = Debug|Any CPU
		{757465CC-6655-4F9E-9D1A-AF33727D3FF2}.Release|Any CPU.ActiveCfg = Release|Any CPU
		{757465CC-6655-4F9E-9D1A-AF33727D3FF2}.Release|Any CPU.Build.0 = Release|Any CPU
	EndGlobalSection
	GlobalSection(SolutionProperties) = preSolution
		HideSolutionNode = FALSE
	EndGlobalSection
	GlobalSection(ExtensibilityGlobals) = postSolution
		SolutionGuid = {B350AB14-DB39-4345-B799-50AB48B8C347}
	EndGlobalSection
EndGlobal
