
Microsoft Visual Studio Solution File, Format Version 12.00
# Visual Studio 15
VisualStudioVersion = 15.0.28307.102
MinimumVisualStudioVersion = 10.0.40219.1
Project("{FAE04EC0-301F-11D3-BF4B-00C04F79EFBC}") = "Problem 1. Дефиниране на клас Банкова сметка", "Problem 1. Дефиниране на клас Банкова сметка\Problem 1. Дефиниране на клас Банкова сметка.csproj", "{F4BB0D6C-23A9-4A99-A78D-C5B4F5606F3A}"
EndProject
Project("{FAE04EC0-301F-11D3-BF4B-00C04F79EFBC}") = "Problem 2. Дефиниране на клас Person", "Problem 2. Дефиниране на клас Person\Problem 2. Дефиниране на клас Person.csproj", "{C6BAB882-DB1F-49CD-A405-EF1328C3DE77}"
EndProject
Project("{FAE04EC0-301F-11D3-BF4B-00C04F79EFBC}") = "Problem 3. Списък на служители", "Problem 3. Списък на служители\Problem 3. Списък на служители.csproj", "{0DBFE2E1-E90E-4ADE-AF4A-F7A3EC37EDF9}"
EndProject
Global
	GlobalSection(SolutionConfigurationPlatforms) = preSolution
		Debug|Any CPU = Debug|Any CPU
		Release|Any CPU = Release|Any CPU
	EndGlobalSection
	GlobalSection(ProjectConfigurationPlatforms) = postSolution
		{F4BB0D6C-23A9-4A99-A78D-C5B4F5606F3A}.Debug|Any CPU.ActiveCfg = Debug|Any CPU
		{F4BB0D6C-23A9-4A99-A78D-C5B4F5606F3A}.Debug|Any CPU.Build.0 = Debug|Any CPU
		{F4BB0D6C-23A9-4A99-A78D-C5B4F5606F3A}.Release|Any CPU.ActiveCfg = Release|Any CPU
		{F4BB0D6C-23A9-4A99-A78D-C5B4F5606F3A}.Release|Any CPU.Build.0 = Release|Any CPU
		{C6BAB882-DB1F-49CD-A405-EF1328C3DE77}.Debug|Any CPU.ActiveCfg = Debug|Any CPU
		{C6BAB882-DB1F-49CD-A405-EF1328C3DE77}.Debug|Any CPU.Build.0 = Debug|Any CPU
		{C6BAB882-DB1F-49CD-A405-EF1328C3DE77}.Release|Any CPU.ActiveCfg = Release|Any CPU
		{C6BAB882-DB1F-49CD-A405-EF1328C3DE77}.Release|Any CPU.Build.0 = Release|Any CPU
		{0DBFE2E1-E90E-4ADE-AF4A-F7A3EC37EDF9}.Debug|Any CPU.ActiveCfg = Debug|Any CPU
		{0DBFE2E1-E90E-4ADE-AF4A-F7A3EC37EDF9}.Debug|Any CPU.Build.0 = Debug|Any CPU
		{0DBFE2E1-E90E-4ADE-AF4A-F7A3EC37EDF9}.Release|Any CPU.ActiveCfg = Release|Any CPU
		{0DBFE2E1-E90E-4ADE-AF4A-F7A3EC37EDF9}.Release|Any CPU.Build.0 = Release|Any CPU
	EndGlobalSection
	GlobalSection(SolutionProperties) = preSolution
		HideSolutionNode = FALSE
	EndGlobalSection
	GlobalSection(ExtensibilityGlobals) = postSolution
		SolutionGuid = {7915C362-0F0D-4B0D-BCD6-73527AE8FCE0}
	EndGlobalSection
EndGlobal
