
Microsoft Visual Studio Solution File, Format Version 12.00
# Visual Studio 15
VisualStudioVersion = 15.0.26730.8
MinimumVisualStudioVersion = 10.0.40219.1
Project("{FAE04EC0-301F-11D3-BF4B-00C04F79EFBC}") = "2. Конструктори за класа Човек", "2. Конструктори за класа Човек\2. Конструктори за класа Човек.csproj", "{B659A49C-85A0-4F31-BD84-58B7350286D8}"
EndProject
Global
	GlobalSection(SolutionConfigurationPlatforms) = preSolution
		Debug|Any CPU = Debug|Any CPU
		Release|Any CPU = Release|Any CPU
	EndGlobalSection
	GlobalSection(ProjectConfigurationPlatforms) = postSolution
		{B659A49C-85A0-4F31-BD84-58B7350286D8}.Debug|Any CPU.ActiveCfg = Debug|Any CPU
		{B659A49C-85A0-4F31-BD84-58B7350286D8}.Debug|Any CPU.Build.0 = Debug|Any CPU
		{B659A49C-85A0-4F31-BD84-58B7350286D8}.Release|Any CPU.ActiveCfg = Release|Any CPU
		{B659A49C-85A0-4F31-BD84-58B7350286D8}.Release|Any CPU.Build.0 = Release|Any CPU
	EndGlobalSection
	GlobalSection(SolutionProperties) = preSolution
		HideSolutionNode = FALSE
	EndGlobalSection
	GlobalSection(ExtensibilityGlobals) = postSolution
		SolutionGuid = {18CE5A3D-C0D4-4C61-9B65-9B95A81905D1}
	EndGlobalSection
EndGlobal
