
Microsoft Visual Studio Solution File, Format Version 12.00
# Visual Studio 15
VisualStudioVersion = 15.0.26730.8
MinimumVisualStudioVersion = 10.0.40219.1
Project("{FAE04EC0-301F-11D3-BF4B-00C04F79EFBC}") = "Restorant", "Restorant\Restorant.csproj", "{DC358376-7A6C-4159-917F-26C7DF9CE854}"
EndProject
Project("{FAE04EC0-301F-11D3-BF4B-00C04F79EFBC}") = "Game", "Game\Game.csproj", "{E4E3434D-3ADF-43AE-AC30-2C3EDDB84581}"
EndProject
Project("{FAE04EC0-301F-11D3-BF4B-00C04F79EFBC}") = "Train-arrays", "Train-arrays\Train-arrays.csproj", "{9CAAE9B9-6F69-4482-AC6E-7E8F803901A6}"
EndProject
Project("{FAE04EC0-301F-11D3-BF4B-00C04F79EFBC}") = "Train-list", "Train-list\Train-list.csproj", "{9171FA44-A64F-424F-B117-9E63BE0767F9}"
EndProject
Global
	GlobalSection(SolutionConfigurationPlatforms) = preSolution
		Debug|Any CPU = Debug|Any CPU
		Release|Any CPU = Release|Any CPU
	EndGlobalSection
	GlobalSection(ProjectConfigurationPlatforms) = postSolution
		{DC358376-7A6C-4159-917F-26C7DF9CE854}.Debug|Any CPU.ActiveCfg = Debug|Any CPU
		{DC358376-7A6C-4159-917F-26C7DF9CE854}.Debug|Any CPU.Build.0 = Debug|Any CPU
		{DC358376-7A6C-4159-917F-26C7DF9CE854}.Release|Any CPU.ActiveCfg = Release|Any CPU
		{DC358376-7A6C-4159-917F-26C7DF9CE854}.Release|Any CPU.Build.0 = Release|Any CPU
		{E4E3434D-3ADF-43AE-AC30-2C3EDDB84581}.Debug|Any CPU.ActiveCfg = Debug|Any CPU
		{E4E3434D-3ADF-43AE-AC30-2C3EDDB84581}.Debug|Any CPU.Build.0 = Debug|Any CPU
		{E4E3434D-3ADF-43AE-AC30-2C3EDDB84581}.Release|Any CPU.ActiveCfg = Release|Any CPU
		{E4E3434D-3ADF-43AE-AC30-2C3EDDB84581}.Release|Any CPU.Build.0 = Release|Any CPU
		{9CAAE9B9-6F69-4482-AC6E-7E8F803901A6}.Debug|Any CPU.ActiveCfg = Debug|Any CPU
		{9CAAE9B9-6F69-4482-AC6E-7E8F803901A6}.Debug|Any CPU.Build.0 = Debug|Any CPU
		{9CAAE9B9-6F69-4482-AC6E-7E8F803901A6}.Release|Any CPU.ActiveCfg = Release|Any CPU
		{9CAAE9B9-6F69-4482-AC6E-7E8F803901A6}.Release|Any CPU.Build.0 = Release|Any CPU
		{9171FA44-A64F-424F-B117-9E63BE0767F9}.Debug|Any CPU.ActiveCfg = Debug|Any CPU
		{9171FA44-A64F-424F-B117-9E63BE0767F9}.Debug|Any CPU.Build.0 = Debug|Any CPU
		{9171FA44-A64F-424F-B117-9E63BE0767F9}.Release|Any CPU.ActiveCfg = Release|Any CPU
		{9171FA44-A64F-424F-B117-9E63BE0767F9}.Release|Any CPU.Build.0 = Release|Any CPU
	EndGlobalSection
	GlobalSection(SolutionProperties) = preSolution
		HideSolutionNode = FALSE
	EndGlobalSection
	GlobalSection(ExtensibilityGlobals) = postSolution
		SolutionGuid = {20B043C1-E139-4870-A963-62BDE70FE025}
	EndGlobalSection
EndGlobal
