
Microsoft Visual Studio Solution File, Format Version 12.00
# Visual Studio 15
VisualStudioVersion = 15.0.26730.8
MinimumVisualStudioVersion = 10.0.40219.1
Project("{FAE04EC0-301F-11D3-BF4B-00C04F79EFBC}") = "Problem 1. Намиране на най-малко число", "Problem 1. Намиране на най-малко число\Problem 1. Намиране на най-малко число.csproj", "{3025E360-457A-4E03-9397-F06BADEE9C9E}"
EndProject
Project("{FAE04EC0-301F-11D3-BF4B-00C04F79EFBC}") = "Problem 2. Наредени двойки", "Problem 2. Наредени двойки\Problem 2. Наредени двойки.csproj", "{2ED18F48-A5EE-41CB-9D6F-8C44794E986F}"
EndProject
Project("{FAE04EC0-301F-11D3-BF4B-00C04F79EFBC}") = "Problem 3. Сливане на списъци", "Problem 3. Сливане на списъци\Problem 3. Сливане на списъци.csproj", "{FB7401AD-F0C2-4F4C-B1AE-558261D6AAF2}"
EndProject
Global
	GlobalSection(SolutionConfigurationPlatforms) = preSolution
		Debug|Any CPU = Debug|Any CPU
		Release|Any CPU = Release|Any CPU
	EndGlobalSection
	GlobalSection(ProjectConfigurationPlatforms) = postSolution
		{3025E360-457A-4E03-9397-F06BADEE9C9E}.Debug|Any CPU.ActiveCfg = Debug|Any CPU
		{3025E360-457A-4E03-9397-F06BADEE9C9E}.Debug|Any CPU.Build.0 = Debug|Any CPU
		{3025E360-457A-4E03-9397-F06BADEE9C9E}.Release|Any CPU.ActiveCfg = Release|Any CPU
		{3025E360-457A-4E03-9397-F06BADEE9C9E}.Release|Any CPU.Build.0 = Release|Any CPU
		{2ED18F48-A5EE-41CB-9D6F-8C44794E986F}.Debug|Any CPU.ActiveCfg = Debug|Any CPU
		{2ED18F48-A5EE-41CB-9D6F-8C44794E986F}.Debug|Any CPU.Build.0 = Debug|Any CPU
		{2ED18F48-A5EE-41CB-9D6F-8C44794E986F}.Release|Any CPU.ActiveCfg = Release|Any CPU
		{2ED18F48-A5EE-41CB-9D6F-8C44794E986F}.Release|Any CPU.Build.0 = Release|Any CPU
		{FB7401AD-F0C2-4F4C-B1AE-558261D6AAF2}.Debug|Any CPU.ActiveCfg = Debug|Any CPU
		{FB7401AD-F0C2-4F4C-B1AE-558261D6AAF2}.Debug|Any CPU.Build.0 = Debug|Any CPU
		{FB7401AD-F0C2-4F4C-B1AE-558261D6AAF2}.Release|Any CPU.ActiveCfg = Release|Any CPU
		{FB7401AD-F0C2-4F4C-B1AE-558261D6AAF2}.Release|Any CPU.Build.0 = Release|Any CPU
	EndGlobalSection
	GlobalSection(SolutionProperties) = preSolution
		HideSolutionNode = FALSE
	EndGlobalSection
	GlobalSection(ExtensibilityGlobals) = postSolution
		SolutionGuid = {02E5F223-D6C5-4027-9DBE-97C8563D6F01}
	EndGlobalSection
EndGlobal
