
Microsoft Visual Studio Solution File, Format Version 12.00
# Visual Studio 15
VisualStudioVersion = 15.0.26730.8
MinimumVisualStudioVersion = 10.0.40219.1
Project("{FAE04EC0-301F-11D3-BF4B-00C04F79EFBC}") = "01. Валидна личност", "01. Валидна личност\01. Валидна личност.csproj", "{4B43FB9D-2896-4E4A-9BFF-BD8773E0B192}"
EndProject
Global
	GlobalSection(SolutionConfigurationPlatforms) = preSolution
		Debug|Any CPU = Debug|Any CPU
		Release|Any CPU = Release|Any CPU
	EndGlobalSection
	GlobalSection(ProjectConfigurationPlatforms) = postSolution
		{4B43FB9D-2896-4E4A-9BFF-BD8773E0B192}.Debug|Any CPU.ActiveCfg = Debug|Any CPU
		{4B43FB9D-2896-4E4A-9BFF-BD8773E0B192}.Debug|Any CPU.Build.0 = Debug|Any CPU
		{4B43FB9D-2896-4E4A-9BFF-BD8773E0B192}.Release|Any CPU.ActiveCfg = Release|Any CPU
		{4B43FB9D-2896-4E4A-9BFF-BD8773E0B192}.Release|Any CPU.Build.0 = Release|Any CPU
	EndGlobalSection
	GlobalSection(SolutionProperties) = preSolution
		HideSolutionNode = FALSE
	EndGlobalSection
	GlobalSection(ExtensibilityGlobals) = postSolution
		SolutionGuid = {5AFB7093-D4E5-4EC2-8A3B-114D63543DF1}
	EndGlobalSection
EndGlobal
